
Microsoft Visual Studio Solution File, Format Version 12.00
# Visual Studio Version 16
VisualStudioVersion = 16.0.31105.61
MinimumVisualStudioVersion = 10.0.40219.1
Project("{888888A0-9F3D-457C-B088-3A5042F75D52}") = "BoSLOO", "BoSLOO.pyproj", "{2BAB9FEC-2055-4075-95D0-F60299D91BD3}"
EndProject
Global
	GlobalSection(SolutionConfigurationPlatforms) = preSolution
		Debug|Any CPU = Debug|Any CPU
		Release|Any CPU = Release|Any CPU
	EndGlobalSection
	GlobalSection(ProjectConfigurationPlatforms) = postSolution
		{2BAB9FEC-2055-4075-95D0-F60299D91BD3}.Debug|Any CPU.ActiveCfg = Debug|Any CPU
		{2BAB9FEC-2055-4075-95D0-F60299D91BD3}.Release|Any CPU.ActiveCfg = Release|Any CPU
	EndGlobalSection
	GlobalSection(SolutionProperties) = preSolution
		HideSolutionNode = FALSE
	EndGlobalSection
	GlobalSection(ExtensibilityGlobals) = postSolution
		SolutionGuid = {BBAD12CA-6246-44EF-80F1-E21768C3AECA}
	EndGlobalSection
EndGlobal
